# This file is generated by running "yarn install" inside your project.
# Manual changes might be lost - proceed with caution!

__metadata:
  version: 6
  cacheKey: 8

"ctfnote@workspace:.":
  version: 0.0.0-use.local
  resolution: "ctfnote@workspace:."
  dependencies:
    husky: ^8.0.3
  languageName: unknown
  linkType: soft

"husky@npm:^8.0.3":
  version: 8.0.3
  resolution: "husky@npm:8.0.3"
  bin:
    husky: lib/bin.js
  checksum: 837bc7e4413e58c1f2946d38fb050f5d7324c6f16b0fd66411ffce5703b294bd21429e8ba58711cd331951ee86ed529c5be4f76805959ff668a337dbfa82a1b0
  languageName: node
  linkType: hard
