# THIS IS AN AUTOGENERATED FILE. DO NOT EDIT THIS FILE DIRECTLY.
# yarn lockfile v1


husky@^8.0.3:
  version "8.0.3"
  resolved "https://registry.yarnpkg.com/husky/-/husky-8.0.3.tgz#4936d7212e46d1dea28fef29bb3a108872cd9184"
  integrity sha512-+dQSyqPh4x1hlO1swXBiNb2HzTDN1I2IGLQx1GrBuiqFJfoMrnZWwVmatvSiO+Iz8fBUnf+lekwNo4c2LlXItg==
