# This file is generated by running "yarn install" inside your project.
# Manual changes might be lost - proceed with caution!

__metadata:
  version: 8
  cacheKey: 10

"ctfnote@workspace:.":
  version: 0.0.0-use.local
  resolution: "ctfnote@workspace:."
  dependencies:
    husky: "npm:^8.0.3"
  languageName: unknown
  linkType: soft

"husky@npm:^8.0.3":
  version: 8.0.3
  resolution: "husky@npm:8.0.3"
  bin:
    husky: lib/bin.js
  checksum: 10/b754cf70fdc97c3b60fec5b80056b9c11436464953b1691bf2b5dcf0081fb6685d2c5f47abb8b2b1c49f504aabea5321fdd6496f8b755d9f6e7525a493406abb
  languageName: node
  linkType: hard
